
Microsoft Visual Studio Solution File, Format Version 12.00
# Visual Studio Version 17
VisualStudioVersion = 17.9.34723.18
MinimumVisualStudioVersion = 10.0.40219.1
Project("{FAE04EC0-301F-11D3-BF4B-00C04F79EFBC}") = "SpecificationExampleBasic", "SpecificationExampleBasic\SpecificationExampleBasic.csproj", "{67DB7CAB-39AC-4225-B7BC-EA7CF49987F2}"
EndProject
Global
	GlobalSection(SolutionConfigurationPlatforms) = preSolution
		Debug|Any CPU = Debug|Any CPU
		Release|Any CPU = Release|Any CPU
	EndGlobalSection
	GlobalSection(ProjectConfigurationPlatforms) = postSolution
		{67DB7CAB-39AC-4225-B7BC-EA7CF49987F2}.Debug|Any CPU.ActiveCfg = Debug|Any CPU
		{67DB7CAB-39AC-4225-B7BC-EA7CF49987F2}.Debug|Any CPU.Build.0 = Debug|Any CPU
		{67DB7CAB-39AC-4225-B7BC-EA7CF49987F2}.Release|Any CPU.ActiveCfg = Release|Any CPU
		{67DB7CAB-39AC-4225-B7BC-EA7CF49987F2}.Release|Any CPU.Build.0 = Release|Any CPU
	EndGlobalSection
	GlobalSection(SolutionProperties) = preSolution
		HideSolutionNode = FALSE
	EndGlobalSection
	GlobalSection(ExtensibilityGlobals) = postSolution
		SolutionGuid = {795E7116-E5BA-4F4B-96D6-0C6E11A3AFE6}
	EndGlobalSection
EndGlobal
